
Microsoft Visual Studio Solution File, Format Version 12.00
# Visual Studio Version 16
VisualStudioVersion = 16.0.30204.135
MinimumVisualStudioVersion = 10.0.40219.1
Project("{F184B08F-C81C-45F6-A57F-5ABD9991F28F}") = "Calculator", "Calculator\Calculator.vbproj", "{3529A978-70BF-4D58-9C8B-577C9E9FF157}"
EndProject
Global
	GlobalSection(SolutionConfigurationPlatforms) = preSolution
		Debug|Any CPU = Debug|Any CPU
		Release|Any CPU = Release|Any CPU
	EndGlobalSection
	GlobalSection(ProjectConfigurationPlatforms) = postSolution
		{3529A978-70BF-4D58-9C8B-577C9E9FF157}.Debug|Any CPU.ActiveCfg = Debug|Any CPU
		{3529A978-70BF-4D58-9C8B-577C9E9FF157}.Debug|Any CPU.Build.0 = Debug|Any CPU
		{3529A978-70BF-4D58-9C8B-577C9E9FF157}.Release|Any CPU.ActiveCfg = Release|Any CPU
		{3529A978-70BF-4D58-9C8B-577C9E9FF157}.Release|Any CPU.Build.0 = Release|Any CPU
	EndGlobalSection
	GlobalSection(SolutionProperties) = preSolution
		HideSolutionNode = FALSE
	EndGlobalSection
	GlobalSection(ExtensibilityGlobals) = postSolution
		SolutionGuid = {752D0537-F01B-4F01-B438-D995E1F7CD31}
	EndGlobalSection
EndGlobal
